
Microsoft Visual Studio Solution File, Format Version 12.00
# Visual Studio 15
VisualStudioVersion = 15.0.28010.2036
MinimumVisualStudioVersion = 10.0.40219.1
Project("{FAE04EC0-301F-11D3-BF4B-00C04F79EFBC}") = "WebApplication3", "WebApplication3\WebApplication3.csproj", "{0A7A82B5-B8BC-4CD0-A843-9CB86C8FAC30}"
EndProject
Global
	GlobalSection(SolutionConfigurationPlatforms) = preSolution
		Debug|Any CPU = Debug|Any CPU
		Release|Any CPU = Release|Any CPU
	EndGlobalSection
	GlobalSection(ProjectConfigurationPlatforms) = postSolution
		{0A7A82B5-B8BC-4CD0-A843-9CB86C8FAC30}.Debug|Any CPU.ActiveCfg = Debug|Any CPU
		{0A7A82B5-B8BC-4CD0-A843-9CB86C8FAC30}.Debug|Any CPU.Build.0 = Debug|Any CPU
		{0A7A82B5-B8BC-4CD0-A843-9CB86C8FAC30}.Release|Any CPU.ActiveCfg = Release|Any CPU
		{0A7A82B5-B8BC-4CD0-A843-9CB86C8FAC30}.Release|Any CPU.Build.0 = Release|Any CPU
	EndGlobalSection
	GlobalSection(SolutionProperties) = preSolution
		HideSolutionNode = FALSE
	EndGlobalSection
	GlobalSection(ExtensibilityGlobals) = postSolution
		SolutionGuid = {3F3CF01A-F753-4B4E-ABCC-C9C00219F637}
	EndGlobalSection
EndGlobal
